
Microsoft Visual Studio Solution File, Format Version 12.00
# Visual Studio Version 17
VisualStudioVersion = 17.5.33502.453
MinimumVisualStudioVersion = 10.0.40219.1
Project("{FAE04EC0-301F-11D3-BF4B-00C04F79EFBC}") = "CelilCavus.Braninwave.Entity", "CelilCavus.Braninwave.Entity\CelilCavus.Braninwave.Entity.csproj", "{39A96D05-CCF3-48DE-B749-C18331932CBA}"
EndProject
Project("{FAE04EC0-301F-11D3-BF4B-00C04F79EFBC}") = "CelilCavus.Braninwave.Model", "CelilCavus.Braninwave.Model\CelilCavus.Braninwave.Model.csproj", "{6D4CC754-9553-46B6-A1AC-7F7A3DF635E6}"
EndProject
Project("{FAE04EC0-301F-11D3-BF4B-00C04F79EFBC}") = "CelilCavus.Braninwave.UI", "CelilCavus.Braninwave.UI\CelilCavus.Braninwave.UI.csproj", "{9EC0684C-01F7-4863-B080-1C67BE7EB73C}"
EndProject
Global
	GlobalSection(SolutionConfigurationPlatforms) = preSolution
		Debug|Any CPU = Debug|Any CPU
		Release|Any CPU = Release|Any CPU
	EndGlobalSection
	GlobalSection(ProjectConfigurationPlatforms) = postSolution
		{39A96D05-CCF3-48DE-B749-C18331932CBA}.Debug|Any CPU.ActiveCfg = Debug|Any CPU
		{39A96D05-CCF3-48DE-B749-C18331932CBA}.Debug|Any CPU.Build.0 = Debug|Any CPU
		{39A96D05-CCF3-48DE-B749-C18331932CBA}.Release|Any CPU.ActiveCfg = Release|Any CPU
		{39A96D05-CCF3-48DE-B749-C18331932CBA}.Release|Any CPU.Build.0 = Release|Any CPU
		{6D4CC754-9553-46B6-A1AC-7F7A3DF635E6}.Debug|Any CPU.ActiveCfg = Debug|Any CPU
		{6D4CC754-9553-46B6-A1AC-7F7A3DF635E6}.Debug|Any CPU.Build.0 = Debug|Any CPU
		{6D4CC754-9553-46B6-A1AC-7F7A3DF635E6}.Release|Any CPU.ActiveCfg = Release|Any CPU
		{6D4CC754-9553-46B6-A1AC-7F7A3DF635E6}.Release|Any CPU.Build.0 = Release|Any CPU
		{9EC0684C-01F7-4863-B080-1C67BE7EB73C}.Debug|Any CPU.ActiveCfg = Debug|Any CPU
		{9EC0684C-01F7-4863-B080-1C67BE7EB73C}.Debug|Any CPU.Build.0 = Debug|Any CPU
		{9EC0684C-01F7-4863-B080-1C67BE7EB73C}.Release|Any CPU.ActiveCfg = Release|Any CPU
		{9EC0684C-01F7-4863-B080-1C67BE7EB73C}.Release|Any CPU.Build.0 = Release|Any CPU
	EndGlobalSection
	GlobalSection(SolutionProperties) = preSolution
		HideSolutionNode = FALSE
	EndGlobalSection
	GlobalSection(ExtensibilityGlobals) = postSolution
		SolutionGuid = {A4837D77-6B35-4832-9297-BC5F7CA11B11}
	EndGlobalSection
EndGlobal
